
Microsoft Visual Studio Solution File, Format Version 12.00
# Visual Studio Version 17
VisualStudioVersion = 17.6.33815.320
MinimumVisualStudioVersion = 10.0.40219.1
Project("{E53339B2-1760-4266-BCC7-CA923CBCF16C}") = "docker-compose", "docker-compose.dcproj", "{56F62BC3-7646-4559-92EB-499120179413}"
EndProject
Project("{2150E333-8FDC-42A3-9474-1A3956D46DE8}") = "src", "src", "{1C57544A-4D69-408D-901E-185D9808D635}"
EndProject
Project("{2150E333-8FDC-42A3-9474-1A3956D46DE8}") = "Core", "Core", "{5E050D09-1165-4B3A-B37E-CC04C6F1688B}"
EndProject
Project("{FAE04EC0-301F-11D3-BF4B-00C04F79EFBC}") = "Domain", "Domain\Domain.csproj", "{685BFB11-9CEE-412B-8358-85E834DB0100}"
EndProject
Project("{FAE04EC0-301F-11D3-BF4B-00C04F79EFBC}") = "Application", "Application\Application.csproj", "{23BD551D-9699-4F39-AF7C-B490D75F7ED7}"
EndProject
Project("{2150E333-8FDC-42A3-9474-1A3956D46DE8}") = "External", "External", "{ECC0F5F0-6C5C-4D53-8A74-9A63BC62C303}"
EndProject
Project("{9A19103F-16F7-4668-BE54-9A1E7A4F7556}") = "Api", "Api\Api.csproj", "{6F43AB83-7A36-4C05-B9AF-4C2D05DC5F18}"
EndProject
Project("{FAE04EC0-301F-11D3-BF4B-00C04F79EFBC}") = "Persistence", "Persistence\Persistence.csproj", "{4F4793E2-E1A3-4D67-B29B-1608379084A3}"
EndProject
Global
	GlobalSection(SolutionConfigurationPlatforms) = preSolution
		Debug|Any CPU = Debug|Any CPU
		Release|Any CPU = Release|Any CPU
	EndGlobalSection
	GlobalSection(ProjectConfigurationPlatforms) = postSolution
		{6F43AB83-7A36-4C05-B9AF-4C2D05DC5F18}.Debug|Any CPU.ActiveCfg = Debug|Any CPU
		{6F43AB83-7A36-4C05-B9AF-4C2D05DC5F18}.Debug|Any CPU.Build.0 = Debug|Any CPU
		{6F43AB83-7A36-4C05-B9AF-4C2D05DC5F18}.Release|Any CPU.ActiveCfg = Release|Any CPU
		{6F43AB83-7A36-4C05-B9AF-4C2D05DC5F18}.Release|Any CPU.Build.0 = Release|Any CPU
		{56F62BC3-7646-4559-92EB-499120179413}.Debug|Any CPU.ActiveCfg = Debug|Any CPU
		{56F62BC3-7646-4559-92EB-499120179413}.Debug|Any CPU.Build.0 = Debug|Any CPU
		{56F62BC3-7646-4559-92EB-499120179413}.Release|Any CPU.ActiveCfg = Release|Any CPU
		{56F62BC3-7646-4559-92EB-499120179413}.Release|Any CPU.Build.0 = Release|Any CPU
		{685BFB11-9CEE-412B-8358-85E834DB0100}.Debug|Any CPU.ActiveCfg = Debug|Any CPU
		{685BFB11-9CEE-412B-8358-85E834DB0100}.Debug|Any CPU.Build.0 = Debug|Any CPU
		{685BFB11-9CEE-412B-8358-85E834DB0100}.Release|Any CPU.ActiveCfg = Release|Any CPU
		{685BFB11-9CEE-412B-8358-85E834DB0100}.Release|Any CPU.Build.0 = Release|Any CPU
		{23BD551D-9699-4F39-AF7C-B490D75F7ED7}.Debug|Any CPU.ActiveCfg = Debug|Any CPU
		{23BD551D-9699-4F39-AF7C-B490D75F7ED7}.Debug|Any CPU.Build.0 = Debug|Any CPU
		{23BD551D-9699-4F39-AF7C-B490D75F7ED7}.Release|Any CPU.ActiveCfg = Release|Any CPU
		{23BD551D-9699-4F39-AF7C-B490D75F7ED7}.Release|Any CPU.Build.0 = Release|Any CPU
		{4F4793E2-E1A3-4D67-B29B-1608379084A3}.Debug|Any CPU.ActiveCfg = Debug|Any CPU
		{4F4793E2-E1A3-4D67-B29B-1608379084A3}.Debug|Any CPU.Build.0 = Debug|Any CPU
		{4F4793E2-E1A3-4D67-B29B-1608379084A3}.Release|Any CPU.ActiveCfg = Release|Any CPU
		{4F4793E2-E1A3-4D67-B29B-1608379084A3}.Release|Any CPU.Build.0 = Release|Any CPU
	EndGlobalSection
	GlobalSection(SolutionProperties) = preSolution
		HideSolutionNode = FALSE
	EndGlobalSection
	GlobalSection(NestedProjects) = preSolution
		{6F43AB83-7A36-4C05-B9AF-4C2D05DC5F18} = {ECC0F5F0-6C5C-4D53-8A74-9A63BC62C303}
		{5E050D09-1165-4B3A-B37E-CC04C6F1688B} = {1C57544A-4D69-408D-901E-185D9808D635}
		{ECC0F5F0-6C5C-4D53-8A74-9A63BC62C303} = {1C57544A-4D69-408D-901E-185D9808D635}
		{685BFB11-9CEE-412B-8358-85E834DB0100} = {5E050D09-1165-4B3A-B37E-CC04C6F1688B}
		{23BD551D-9699-4F39-AF7C-B490D75F7ED7} = {5E050D09-1165-4B3A-B37E-CC04C6F1688B}
		{4F4793E2-E1A3-4D67-B29B-1608379084A3} = {ECC0F5F0-6C5C-4D53-8A74-9A63BC62C303}
	EndGlobalSection
	GlobalSection(ExtensibilityGlobals) = postSolution
		SolutionGuid = {9028B32A-6697-4028-B70D-28753BD69611}
	EndGlobalSection
EndGlobal
